Mako==1.4.1
MarkupSafe==3.0.3
PyYAML==6.0.2
Pygments==2.21.0
SQLAlchemy==2.0.41
alembic==1.16.2
annotated-types==0.8.0
anyio==4.15.1
certifi==2026.7.22
cfgv==3.5.0
click==8.5.0
coverage==7.9.1
distlib==0.4.3
fakeredis==2.30.1
fastapi==0.115.14
filelock==3.32.5
greenlet==3.5.5
h11==0.16.0
httpcore==1.0.9
httptools==0.8.0
httpx==0.28.1
identify==2.6.19
idna==3.19
iniconfig==2.3.0
mypy==1.16.1
mypy_extensions==1.1.0
nodeenv==1.10.0
packaging==26.3
pathspec==1.1.1
platformdirs==4.11.7
pluggy==1.6.0
pre_commit==4.2.0
psycopg-binary==3.2.9
psycopg==3.2.9
pydantic==2.13.5
pydantic_core==2.46.5
pytest-cov==6.2.1
pytest==8.4.1
python-discovery==1.6.0
python-dotenv==1.2.3
redis==6.2.0
ruff==0.12.0
sortedcontainers==2.4.0
starlette==0.46.2
typing-inspection==0.4.4
typing_extensions==4.16.0
uvicorn==0.34.3
uvloop==0.22.1
virtualenv==21.7.8
watchfiles==1.2.0
websockets==17.1
